
Microsoft Visual Studio Solution File, Format Version 12.00
# Visual Studio Version 17
VisualStudioVersion = 17.14.36221.1 d17.14
MinimumVisualStudioVersion = 10.0.40219.1
Project("{FAE04EC0-301F-11D3-BF4B-00C04F79EFBC}") = "ReptiRealmAPI", "ReptiRealmAPI\ReptiRealmAPI.csproj", "{78C9D62B-4E71-40FD-8810-AE0CCB014EAC}"
EndProject
Global
	GlobalSection(SolutionConfigurationPlatforms) = preSolution
		Debug|Any CPU = Debug|Any CPU
		Release|Any CPU = Release|Any CPU
	EndGlobalSection
	GlobalSection(ProjectConfigurationPlatforms) = postSolution
		{78C9D62B-4E71-40FD-8810-AE0CCB014EAC}.Debug|Any CPU.ActiveCfg = Debug|Any CPU
		{78C9D62B-4E71-40FD-8810-AE0CCB014EAC}.Debug|Any CPU.Build.0 = Debug|Any CPU
		{78C9D62B-4E71-40FD-8810-AE0CCB014EAC}.Release|Any CPU.ActiveCfg = Release|Any CPU
		{78C9D62B-4E71-40FD-8810-AE0CCB014EAC}.Release|Any CPU.Build.0 = Release|Any CPU
	EndGlobalSection
	GlobalSection(SolutionProperties) = preSolution
		HideSolutionNode = FALSE
	EndGlobalSection
	GlobalSection(ExtensibilityGlobals) = postSolution
		SolutionGuid = {DB01F18D-ACD7-4149-9999-E15AD0D0D426}
	EndGlobalSection
EndGlobal
